<?xml version="1.0" encoding="utf-8"?>
<Project ToolsVersion="4.0" xmlns="http://schemas.microsoft.com/developer/msbuild/2003">
  <ItemGroup>
    <Filter Include="Source Files">
      <UniqueIdentifier>{61fb260a-e54c-48b8-9dc1-3276f5678d6b}</UniqueIdentifier>
      <Extensions>cpp;c;cxx;rc;def;r;odl;idl;hpj;bat</Extensions>
    </Filter>
    <Filter Include="Header Files">
      <UniqueIdentifier>{6cae8756-0af2-45da-a408-f57bcf99fadd}</UniqueIdentifier>
      <Extensions>h;hpp;hxx;hm;inl</Extensions>
    </Filter>
    <Filter Include="Resource Files">
      <UniqueIdentifier>{3bb0596d-9777-4c13-b8ad-ea094bf670f4}</UniqueIdentifier>
      <Extensions>ico;cur;bmp;dlg;rc2;rct;bin;rgs;gif;jpg;jpeg;jpe</Extensions>
    </Filter>
  </ItemGroup>
  <ItemGroup>
    <None Include="PluginDLL.def">
      <Filter>Source Files</Filter>
    </None>
  </ItemGroup>
  <ItemGroup>
    <ClCompile Include="PluginDLLMain.cpp">
      <Filter>Source Files</Filter>
    </ClCompile>
  </ItemGroup>
  <ItemGroup>
    <ClInclude Include="include\Basic4GLDLLInterface.h">
      <Filter>Header Files</Filter>
    </ClInclude>
    <ClInclude Include="include\Basic4GLOpenGLObjects.h">
      <Filter>Header Files</Filter>
    </ClInclude>
    <ClInclude Include="include\Basic4GLStandardObjects.h">
      <Filter>Header Files</Filter>
    </ClInclude>
    <ClInclude Include="include\DLLMisc.h">
      <Filter>Header Files</Filter>
    </ClInclude>
  </ItemGroup>
</Project>