<?xml version="1.0"?>
<!DOCTYPE CodeBlocks_project_file>
<CodeBlocks_project_file>
	<FileVersion major="1" minor="1"/>
	<Project>
		<Option title="TestDLL4"/>
		<Option makefile="Makefile"/>
		<Option makefile_is_custom="0"/>
		<Option default_target="-1"/>
		<Option active_target="1"/>
		<Option compiler="0"/>
		<Build>
			<Target title="Release">
				<Option output="..\Bin\TestDLL4.dll"/>
				<Option working_dir="."/>
				<Option object_output="Release"/>
				<Option deps_output=".deps"/>
				<Option type="3"/>
				<Option compiler="0"/>
				<Option createDefFile="1"/>
				<Option createStaticLib="1"/>
				<Compiler>
					<Add option="-O2"/>
					<Add option="-W"/>
					<Add option="-DWIN32"/>
					<Add option="-DNDEBUG"/>
					<Add option="-D_WINDOWS"/>
					<Add option="-D_USRDLL"/>
					<Add directory="..\include"/>
				</Compiler>
				<Linker>
					<Add library="user32"/>
					<Add library="opengl32"/>
				</Linker>
			</Target>
			<Target title="Debug">
				<Option output="..\Bin\TestDLL4.dll"/>
				<Option working_dir="."/>
				<Option object_output="Debug"/>
				<Option deps_output=".deps"/>
				<Option type="3"/>
				<Option compiler="0"/>
				<Option createDefFile="1"/>
				<Option createStaticLib="1"/>
				<Compiler>
					<Add option="-W"/>
					<Add option="-O0"/>
					<Add option="-DWIN32"/>
					<Add option="-D_DEBUG"/>
					<Add option="-D_WINDOWS"/>
					<Add option="-D_USRDLL"/>
					<Add directory="..\include"/>
				</Compiler>
				<Linker>
					<Add library="user32"/>
					<Add library="opengl32"/>
				</Linker>
			</Target>
		</Build>
		<Unit filename="TestDLL4.cpp">
			<Option compilerVar="CPP"/>
			<Option target="Release"/>
			<Option target="Debug"/>
		</Unit>
		<Unit filename="TestDLL4.def">
			<Option compilerVar=""/>
			<Option compile="0"/>
			<Option link="0"/>
			<Option target="Release"/>
			<Option target="Debug"/>
		</Unit>
	</Project>
</CodeBlocks_project_file>
