<?xml version="1.0" encoding="utf-8"?>
<Project ToolsVersion="4.0" xmlns="http://schemas.microsoft.com/developer/msbuild/2003">
  <ItemGroup>
    <Filter Include="Source Files">
      <UniqueIdentifier>{f4db671b-f061-49f2-8f4a-a386d051db13}</UniqueIdentifier>
      <Extensions>cpp;c;cxx;rc;def;r;odl;idl;hpj;bat</Extensions>
    </Filter>
    <Filter Include="Header Files">
      <UniqueIdentifier>{97f5b96e-af10-46a2-a2e6-64aadff54cbd}</UniqueIdentifier>
      <Extensions>h;hpp;hxx;hm;inl</Extensions>
    </Filter>
    <Filter Include="Resource Files">
      <UniqueIdentifier>{960b708d-fcc3-419c-b625-465fc5ea437f}</UniqueIdentifier>
      <Extensions>ico;cur;bmp;dlg;rc2;rct;bin;rgs;gif;jpg;jpeg;jpe</Extensions>
    </Filter>
  </ItemGroup>
  <ItemGroup>
    <ClCompile Include="..\Compiler\compFunction.cpp">
      <Filter>Source Files</Filter>
    </ClCompile>
    <ClCompile Include="..\Compiler\compParse.cpp">
      <Filter>Source Files</Filter>
    </ClCompile>
    <ClCompile Include="..\Routines\EmbeddedFiles.cpp">
      <Filter>Source Files</Filter>
    </ClCompile>
    <ClCompile Include="..\FunctionLibs\GLBasicLib_gl.cpp">
      <Filter>Source Files</Filter>
    </ClCompile>
    <ClCompile Include="..\FunctionLibs\GLBasicLib_glu.cpp">
      <Filter>Source Files</Filter>
    </ClCompile>
    <ClCompile Include="..\Routines\glspriteengine.cpp">
      <Filter>Source Files</Filter>
    </ClCompile>
    <ClCompile Include="..\Routines\glTextGrid.cpp">
      <Filter>Source Files</Filter>
    </ClCompile>
    <ClCompile Include="..\Routines\glWindow.cpp">
      <Filter>Source Files</Filter>
    </ClCompile>
    <ClCompile Include="..\Vm\HasErrorState.cpp">
      <Filter>Source Files</Filter>
    </ClCompile>
    <ClCompile Include="..\Routines\LoadImage.cpp">
      <Filter>Source Files</Filter>
    </ClCompile>
    <ClCompile Include="main.cpp">
      <Filter>Source Files</Filter>
    </ClCompile>
    <ClCompile Include="..\Vm\Misc.cpp">
      <Filter>Source Files</Filter>
    </ClCompile>
    <ClCompile Include="..\Standalone\Standalone.cpp">
      <Filter>Source Files</Filter>
    </ClCompile>
    <ClCompile Include="..\Compiler\TomComp.cpp">
      <Filter>Source Files</Filter>
    </ClCompile>
    <ClCompile Include="..\FunctionLibs\TomFileIOBasicLib.cpp">
      <Filter>Source Files</Filter>
    </ClCompile>
    <ClCompile Include="..\FunctionLibs\TomJoystickBasicLib.cpp">
      <Filter>Source Files</Filter>
    </ClCompile>
    <ClCompile Include="..\FunctionLibs\TomLibRoutines.cpp">
      <Filter>Source Files</Filter>
    </ClCompile>
    <ClCompile Include="..\FunctionLibs\TomNetBasicLib.cpp">
      <Filter>Source Files</Filter>
    </ClCompile>
    <ClCompile Include="..\FunctionLibs\TomOpenGLBasicLib.cpp">
      <Filter>Source Files</Filter>
    </ClCompile>
    <ClCompile Include="..\FunctionLibs\TomStdBasicLib.cpp">
      <Filter>Source Files</Filter>
    </ClCompile>
    <ClCompile Include="..\FunctionLibs\TomTextBasicLib.cpp">
      <Filter>Source Files</Filter>
    </ClCompile>
    <ClCompile Include="..\FunctionLibs\TomTrigBasicLib.cpp">
      <Filter>Source Files</Filter>
    </ClCompile>
    <ClCompile Include="..\Vm\TomVM.cpp">
      <Filter>Source Files</Filter>
    </ClCompile>
    <ClCompile Include="..\FunctionLibs\TomWindowsBasicLib.cpp">
      <Filter>Source Files</Filter>
    </ClCompile>
    <ClCompile Include="..\Vm\vmCode.cpp">
      <Filter>Source Files</Filter>
    </ClCompile>
    <ClCompile Include="..\Vm\vmData.cpp">
      <Filter>Source Files</Filter>
    </ClCompile>
    <ClCompile Include="..\Vm\vmDebugger.cpp">
      <Filter>Source Files</Filter>
    </ClCompile>
    <ClCompile Include="..\Vm\vmFunction.cpp">
      <Filter>Source Files</Filter>
    </ClCompile>
    <ClCompile Include="..\Vm\vmTypes.cpp">
      <Filter>Source Files</Filter>
    </ClCompile>
    <ClCompile Include="..\Vm\vmVariables.cpp">
      <Filter>Source Files</Filter>
    </ClCompile>
    <ClCompile Include="..\DLLInterface\PluginDLL.cpp">
      <Filter>Source Files</Filter>
    </ClCompile>
    <ClCompile Include="..\DLLInterface\PluginDataStructures.cpp">
      <Filter>Source Files</Filter>
    </ClCompile>
    <ClCompile Include="..\DLLInterface\TomVMDLLAdapter.cpp">
      <Filter>Source Files</Filter>
    </ClCompile>
    <ClCompile Include="..\NetLib4Games\NetHasErrorState.cpp">
      <Filter>Source Files</Filter>
    </ClCompile>
    <ClCompile Include="..\NetLib4Games\NetLayer1.cpp">
      <Filter>Source Files</Filter>
    </ClCompile>
    <ClCompile Include="..\NetLib4Games\NetLayer2.cpp">
      <Filter>Source Files</Filter>
    </ClCompile>
    <ClCompile Include="..\NetLib4Games\NetLog.cpp">
      <Filter>Source Files</Filter>
    </ClCompile>
    <ClCompile Include="..\NetLib4Games\NetLowLevel.cpp">
      <Filter>Source Files</Filter>
    </ClCompile>
    <ClCompile Include="..\NetLib4Games\NetMiscRoutines.cpp">
      <Filter>Source Files</Filter>
    </ClCompile>
    <ClCompile Include="..\NetLib4Games\NetThreadUtils.cpp">
      <Filter>Source Files</Filter>
    </ClCompile>
    <ClCompile Include="..\NetLib4Games\NetUtils.cpp">
      <Filter>Source Files</Filter>
    </ClCompile>
    <ClCompile Include="..\NetLib4Games\UDP\NetLowLevelUDP.cpp">
      <Filter>Source Files</Filter>
    </ClCompile>
    <ClCompile Include="..\VM\vmStackFrame.cpp">
      <Filter>Source Files</Filter>
    </ClCompile>
    <ClCompile Include="..\VM\vmCodeBlock.cpp">
      <Filter>Source Files</Filter>
    </ClCompile>
    <ClCompile Include="..\Routines\FilenameRoutines.cpp">
      <Filter>Source Files</Filter>
    </ClCompile>
    <ClCompile Include="..\Compiler\compPreprocessor.cpp">
      <Filter>Source Files</Filter>
    </ClCompile>
    <ClCompile Include="..\FunctionLibs\TomCompilerBasicLib.cpp">
      <Filter>Source Files</Filter>
    </ClCompile>
    <ClCompile Include="..\Compiler\DiskFile.cpp">
      <Filter>Source Files</Filter>
    </ClCompile>
    <ClCompile Include="..\FunctionLibs\TomSoundBasicLib.cpp">
      <Filter>Source Files</Filter>
    </ClCompile>
    <ClCompile Include="..\DLLInterface\PluginLibrary.cpp">
      <Filter>Source Files</Filter>
    </ClCompile>
    <ClCompile Include="..\VM\Streaming.cpp">
      <Filter>Source Files</Filter>
    </ClCompile>
    <ClCompile Include="vmStateExport.cpp">
      <Filter>Source Files</Filter>
    </ClCompile>
    <ClCompile Include="..\..\PlatformRuntime\Common\vmStateTypes.cpp">
      <Filter>Source Files</Filter>
    </ClCompile>
  </ItemGroup>
  <ItemGroup>
    <ClInclude Include="..\Compiler\compFunction.h">
      <Filter>Header Files</Filter>
    </ClInclude>
    <ClInclude Include="..\Compiler\compParse.h">
      <Filter>Header Files</Filter>
    </ClInclude>
    <ClInclude Include="..\Routines\EmbeddedFiles.h">
      <Filter>Header Files</Filter>
    </ClInclude>
    <ClInclude Include="..\FunctionLibs\GLBasicLib_gl.h">
      <Filter>Header Files</Filter>
    </ClInclude>
    <ClInclude Include="..\FunctionLibs\GLBasicLib_glu.h">
      <Filter>Header Files</Filter>
    </ClInclude>
    <ClInclude Include="..\Routines\glspriteengine.h">
      <Filter>Header Files</Filter>
    </ClInclude>
    <ClInclude Include="..\Routines\glTextGrid.h">
      <Filter>Header Files</Filter>
    </ClInclude>
    <ClInclude Include="..\Routines\glWindow.h">
      <Filter>Header Files</Filter>
    </ClInclude>
    <ClInclude Include="..\Vm\HasErrorState.h">
      <Filter>Header Files</Filter>
    </ClInclude>
    <ClInclude Include="..\Routines\LoadImage.h">
      <Filter>Header Files</Filter>
    </ClInclude>
    <ClInclude Include="..\Vm\Misc.h">
      <Filter>Header Files</Filter>
    </ClInclude>
    <ClInclude Include="..\Standalone\Standalone.h">
      <Filter>Header Files</Filter>
    </ClInclude>
    <ClInclude Include="..\Compiler\TomComp.h">
      <Filter>Header Files</Filter>
    </ClInclude>
    <ClInclude Include="..\FunctionLibs\TomFileIOBasicLib.h">
      <Filter>Header Files</Filter>
    </ClInclude>
    <ClInclude Include="..\FunctionLibs\TomJoystickBasicLib.h">
      <Filter>Header Files</Filter>
    </ClInclude>
    <ClInclude Include="..\FunctionLibs\TomLibRoutines.h">
      <Filter>Header Files</Filter>
    </ClInclude>
    <ClInclude Include="..\FunctionLibs\TomNetBasicLib.h">
      <Filter>Header Files</Filter>
    </ClInclude>
    <ClInclude Include="..\FunctionLibs\TomOpenGLBasicLib.h">
      <Filter>Header Files</Filter>
    </ClInclude>
    <ClInclude Include="..\FunctionLibs\TomStdBasicLib.h">
      <Filter>Header Files</Filter>
    </ClInclude>
    <ClInclude Include="..\FunctionLibs\TomTextBasicLib.h">
      <Filter>Header Files</Filter>
    </ClInclude>
    <ClInclude Include="..\FunctionLibs\TomTrigBasicLib.h">
      <Filter>Header Files</Filter>
    </ClInclude>
    <ClInclude Include="..\Vm\TomVM.h">
      <Filter>Header Files</Filter>
    </ClInclude>
    <ClInclude Include="..\FunctionLibs\TomWindowsBasicLib.h">
      <Filter>Header Files</Filter>
    </ClInclude>
    <ClInclude Include="..\Vm\vmCode.h">
      <Filter>Header Files</Filter>
    </ClInclude>
    <ClInclude Include="..\Vm\vmData.h">
      <Filter>Header Files</Filter>
    </ClInclude>
    <ClInclude Include="..\Vm\vmDebugger.h">
      <Filter>Header Files</Filter>
    </ClInclude>
    <ClInclude Include="..\Vm\vmFunction.h">
      <Filter>Header Files</Filter>
    </ClInclude>
    <ClInclude Include="..\Vm\vmTypes.h">
      <Filter>Header Files</Filter>
    </ClInclude>
    <ClInclude Include="..\Vm\vmVariables.h">
      <Filter>Header Files</Filter>
    </ClInclude>
    <ClInclude Include="..\DLLInterface\PluginDLL.h">
      <Filter>Header Files</Filter>
    </ClInclude>
    <ClInclude Include="..\VM\streaming.h">
      <Filter>Header Files</Filter>
    </ClInclude>
    <ClInclude Include="vmStateExport.h">
      <Filter>Header Files</Filter>
    </ClInclude>
  </ItemGroup>
  <ItemGroup>
    <Image Include="charset.png">
      <Filter>Resource Files</Filter>
    </Image>
  </ItemGroup>
</Project>