
Microsoft Visual Studio Solution File, Format Version 12.00
# Visual Studio 2013
VisualStudioVersion = 12.0.31101.0
MinimumVisualStudioVersion = 10.0.40219.1
Project("{8BC9CEB8-8B4A-11D0-8D11-00A0C91BC942}") = "Compiler", "Compiler.vcxproj", "{D94D6B6A-DC8F-45DD-83C3-0D343041F465}"
EndProject
Project("{8BC9CEB8-8B4A-11D0-8D11-00A0C91BC942}") = "corona_static", "..\3rdparty\corona\vc7\corona_static.vcxproj", "{20977D23-8499-4CCD-8C36-9D09AA278B3E}"
EndProject
Project("{8BC9CEB8-8B4A-11D0-8D11-00A0C91BC942}") = "WindowsRuntime", "..\PlatformRuntime\WindowsRuntime\WindowsRuntime.vcxproj", "{DAC56281-BDBC-40C6-A213-F996FC794623}"
EndProject
Global
	GlobalSection(SolutionConfigurationPlatforms) = preSolution
		Debug|Win32 = Debug|Win32
		Release|Win32 = Release|Win32
	EndGlobalSection
	GlobalSection(ProjectConfigurationPlatforms) = postSolution
		{D94D6B6A-DC8F-45DD-83C3-0D343041F465}.Debug|Win32.ActiveCfg = Debug|Win32
		{D94D6B6A-DC8F-45DD-83C3-0D343041F465}.Debug|Win32.Build.0 = Debug|Win32
		{D94D6B6A-DC8F-45DD-83C3-0D343041F465}.Release|Win32.ActiveCfg = Release|Win32
		{D94D6B6A-DC8F-45DD-83C3-0D343041F465}.Release|Win32.Build.0 = Release|Win32
		{20977D23-8499-4CCD-8C36-9D09AA278B3E}.Debug|Win32.ActiveCfg = Debug|Win32
		{20977D23-8499-4CCD-8C36-9D09AA278B3E}.Debug|Win32.Build.0 = Debug|Win32
		{20977D23-8499-4CCD-8C36-9D09AA278B3E}.Release|Win32.ActiveCfg = Release|Win32
		{20977D23-8499-4CCD-8C36-9D09AA278B3E}.Release|Win32.Build.0 = Release|Win32
		{DAC56281-BDBC-40C6-A213-F996FC794623}.Debug|Win32.ActiveCfg = Debug|Win32
		{DAC56281-BDBC-40C6-A213-F996FC794623}.Debug|Win32.Build.0 = Debug|Win32
		{DAC56281-BDBC-40C6-A213-F996FC794623}.Release|Win32.ActiveCfg = Release|Win32
		{DAC56281-BDBC-40C6-A213-F996FC794623}.Release|Win32.Build.0 = Release|Win32
	EndGlobalSection
	GlobalSection(SolutionProperties) = preSolution
		HideSolutionNode = FALSE
	EndGlobalSection
EndGlobal
